
Microsoft Visual Studio Solution File, Format Version 12.00
# Visual Studio Version 17
VisualStudioVersion = 17.8.34525.116
MinimumVisualStudioVersion = 10.0.40219.1
Project("{2150E333-8FDC-42A3-9474-1A3956D46DE8}") = "Core", "Core", "{D57499E1-DBBD-4AC8-B7D9-24B28E47AE0F}"
EndProject
Project("{FAE04EC0-301F-11D3-BF4B-00C04F79EFBC}") = "Hospital.Application", "Hospital.Application\Hospital.Application.csproj", "{66B71BDA-712F-4DB4-938C-C9C43AE713C7}"
EndProject
Project("{FAE04EC0-301F-11D3-BF4B-00C04F79EFBC}") = "Hospital.Domain", "Hospital.Domain\Hospital.Domain.csproj", "{E973C9CA-6373-405F-BFA3-949BC0D497AA}"
EndProject
Project("{2150E333-8FDC-42A3-9474-1A3956D46DE8}") = "Insfrastructre", "Insfrastructre", "{6CD4E5EF-5D9B-4C81-A204-6188F3F5BBCF}"
EndProject
Project("{FAE04EC0-301F-11D3-BF4B-00C04F79EFBC}") = "Hospital.Persistence", "Hospital.Persistence\Hospital.Persistence.csproj", "{4451DD57-D7CC-44EB-8FD2-C84BC8C56DB7}"
EndProject
Project("{2150E333-8FDC-42A3-9474-1A3956D46DE8}") = "Presentation", "Presentation", "{C45260A6-FA06-4E51-B043-4D616FC41059}"
EndProject
Project("{FAE04EC0-301F-11D3-BF4B-00C04F79EFBC}") = "Hospital.WebApi", "Hospital.WebApi\Hospital.WebApi.csproj", "{14252AF3-9E56-4B9F-8F03-8737B192F7EB}"
EndProject
Global
	GlobalSection(SolutionConfigurationPlatforms) = preSolution
		Debug|Any CPU = Debug|Any CPU
		Release|Any CPU = Release|Any CPU
	EndGlobalSection
	GlobalSection(ProjectConfigurationPlatforms) = postSolution
		{66B71BDA-712F-4DB4-938C-C9C43AE713C7}.Debug|Any CPU.ActiveCfg = Debug|Any CPU
		{66B71BDA-712F-4DB4-938C-C9C43AE713C7}.Debug|Any CPU.Build.0 = Debug|Any CPU
		{66B71BDA-712F-4DB4-938C-C9C43AE713C7}.Release|Any CPU.ActiveCfg = Release|Any CPU
		{66B71BDA-712F-4DB4-938C-C9C43AE713C7}.Release|Any CPU.Build.0 = Release|Any CPU
		{E973C9CA-6373-405F-BFA3-949BC0D497AA}.Debug|Any CPU.ActiveCfg = Debug|Any CPU
		{E973C9CA-6373-405F-BFA3-949BC0D497AA}.Debug|Any CPU.Build.0 = Debug|Any CPU
		{E973C9CA-6373-405F-BFA3-949BC0D497AA}.Release|Any CPU.ActiveCfg = Release|Any CPU
		{E973C9CA-6373-405F-BFA3-949BC0D497AA}.Release|Any CPU.Build.0 = Release|Any CPU
		{4451DD57-D7CC-44EB-8FD2-C84BC8C56DB7}.Debug|Any CPU.ActiveCfg = Debug|Any CPU
		{4451DD57-D7CC-44EB-8FD2-C84BC8C56DB7}.Debug|Any CPU.Build.0 = Debug|Any CPU
		{4451DD57-D7CC-44EB-8FD2-C84BC8C56DB7}.Release|Any CPU.ActiveCfg = Release|Any CPU
		{4451DD57-D7CC-44EB-8FD2-C84BC8C56DB7}.Release|Any CPU.Build.0 = Release|Any CPU
		{14252AF3-9E56-4B9F-8F03-8737B192F7EB}.Debug|Any CPU.ActiveCfg = Debug|Any CPU
		{14252AF3-9E56-4B9F-8F03-8737B192F7EB}.Debug|Any CPU.Build.0 = Debug|Any CPU
		{14252AF3-9E56-4B9F-8F03-8737B192F7EB}.Release|Any CPU.ActiveCfg = Release|Any CPU
		{14252AF3-9E56-4B9F-8F03-8737B192F7EB}.Release|Any CPU.Build.0 = Release|Any CPU
	EndGlobalSection
	GlobalSection(SolutionProperties) = preSolution
		HideSolutionNode = FALSE
	EndGlobalSection
	GlobalSection(NestedProjects) = preSolution
		{66B71BDA-712F-4DB4-938C-C9C43AE713C7} = {D57499E1-DBBD-4AC8-B7D9-24B28E47AE0F}
		{E973C9CA-6373-405F-BFA3-949BC0D497AA} = {D57499E1-DBBD-4AC8-B7D9-24B28E47AE0F}
		{4451DD57-D7CC-44EB-8FD2-C84BC8C56DB7} = {6CD4E5EF-5D9B-4C81-A204-6188F3F5BBCF}
		{14252AF3-9E56-4B9F-8F03-8737B192F7EB} = {C45260A6-FA06-4E51-B043-4D616FC41059}
	EndGlobalSection
	GlobalSection(ExtensibilityGlobals) = postSolution
		SolutionGuid = {E6173374-B5F7-40E7-84D8-97CF1FD26D46}
	EndGlobalSection
EndGlobal
